// !$*UTF8*$!
{
	archiveVersion = 1;
	classes = {
	};
	objectVersion = 56;
	objects = {

/* Begin PBXBuildFile section */
		AB5758F829CE22EE000490E5 /* Solutions.swift in Sources */ = {isa = PBXBuildFile; fileRef = AB5758F729CE22EE000490E5 /* Solutions.swift */; };
		AB5758F929CE22EE000490E5 /* Solutions.swift in Sources */ = {isa = PBXBuildFile; fileRef = AB5758F729CE22EE000490E5 /* Solutions.swift */; };
		AB5758FA29CE22EE000490E5 /* Solutions.swift in Sources */ = {isa = PBXBuildFile; fileRef = AB5758F729CE22EE000490E5 /* Solutions.swift */; };
		AB930F7F29BBF11D00A18FF7 /* Schrodinger_DiffEqApp.swift in Sources */ = {isa = PBXBuildFile; fileRef = AB930F7E29BBF11D00A18FF7 /* Schrodinger_DiffEqApp.swift */; };
		AB930F8129BBF11D00A18FF7 /* ContentView.swift in Sources */ = {isa = PBXBuildFile; fileRef = AB930F8029BBF11D00A18FF7 /* ContentView.swift */; };
		AB930F8329BBF11E00A18FF7 /* Assets.xcassets in Resources */ = {isa = PBXBuildFile; fileRef = AB930F8229BBF11E00A18FF7 /* Assets.xcassets */; };
		AB930F8729BBF11E00A18FF7 /* Preview Assets.xcassets in Resources */ = {isa = PBXBuildFile; fileRef = AB930F8629BBF11E00A18FF7 /* Preview Assets.xcassets */; };
		AB930F9129BBF11E00A18FF7 /* Schrodinger_DiffEqTests.swift in Sources */ = {isa = PBXBuildFile; fileRef = AB930F9029BBF11E00A18FF7 /* Schrodinger_DiffEqTests.swift */; };
		AB930F9B29BBF11E00A18FF7 /* Schrodinger_DiffEqUITests.swift in Sources */ = {isa = PBXBuildFile; fileRef = AB930F9A29BBF11E00A18FF7 /* Schrodinger_DiffEqUITests.swift */; };
		AB930F9D29BBF11E00A18FF7 /* Schrodinger_DiffEqUITestsLaunchTests.swift in Sources */ = {isa = PBXBuildFile; fileRef = AB930F9C29BBF11E00A18FF7 /* Schrodinger_DiffEqUITestsLaunchTests.swift */; };
		AB930FB429BBF16800A18FF7 /* ChangingPlotParameters.swift in Sources */ = {isa = PBXBuildFile; fileRef = AB930FA929BBF16800A18FF7 /* ChangingPlotParameters.swift */; };
		AB930FB529BBF16800A18FF7 /* ChangingPlotParameters.swift in Sources */ = {isa = PBXBuildFile; fileRef = AB930FA929BBF16800A18FF7 /* ChangingPlotParameters.swift */; };
		AB930FB629BBF16800A18FF7 /* ChangingPlotParameters.swift in Sources */ = {isa = PBXBuildFile; fileRef = AB930FA929BBF16800A18FF7 /* ChangingPlotParameters.swift */; };
		AB930FB729BBF16800A18FF7 /* PlotDataStruct.swift in Sources */ = {isa = PBXBuildFile; fileRef = AB930FAA29BBF16800A18FF7 /* PlotDataStruct.swift */; };
		AB930FB829BBF16800A18FF7 /* PlotDataStruct.swift in Sources */ = {isa = PBXBuildFile; fileRef = AB930FAA29BBF16800A18FF7 /* PlotDataStruct.swift */; };
		AB930FB929BBF16800A18FF7 /* PlotDataStruct.swift in Sources */ = {isa = PBXBuildFile; fileRef = AB930FAA29BBF16800A18FF7 /* PlotDataStruct.swift */; };
		AB930FBA29BBF16800A18FF7 /* BoundingBoxParameters.swift in Sources */ = {isa = PBXBuildFile; fileRef = AB930FAB29BBF16800A18FF7 /* BoundingBoxParameters.swift */; };
		AB930FBB29BBF16800A18FF7 /* BoundingBoxParameters.swift in Sources */ = {isa = PBXBuildFile; fileRef = AB930FAB29BBF16800A18FF7 /* BoundingBoxParameters.swift */; };
		AB930FBC29BBF16800A18FF7 /* BoundingBoxParameters.swift in Sources */ = {isa = PBXBuildFile; fileRef = AB930FAB29BBF16800A18FF7 /* BoundingBoxParameters.swift */; };
		AB930FBD29BBF16800A18FF7 /* HoldVariable.swift in Sources */ = {isa = PBXBuildFile; fileRef = AB930FAC29BBF16800A18FF7 /* HoldVariable.swift */; };
		AB930FBE29BBF16800A18FF7 /* HoldVariable.swift in Sources */ = {isa = PBXBuildFile; fileRef = AB930FAC29BBF16800A18FF7 /* HoldVariable.swift */; };
		AB930FBF29BBF16800A18FF7 /* HoldVariable.swift in Sources */ = {isa = PBXBuildFile; fileRef = AB930FAC29BBF16800A18FF7 /* HoldVariable.swift */; };
		AB930FC029BBF16800A18FF7 /* Functional.swift in Sources */ = {isa = PBXBuildFile; fileRef = AB930FAD29BBF16800A18FF7 /* Functional.swift */; };
		AB930FC129BBF16800A18FF7 /* Functional.swift in Sources */ = {isa = PBXBuildFile; fileRef = AB930FAD29BBF16800A18FF7 /* Functional.swift */; };
		AB930FC229BBF16800A18FF7 /* Functional.swift in Sources */ = {isa = PBXBuildFile; fileRef = AB930FAD29BBF16800A18FF7 /* Functional.swift */; };
		AB930FC329BBF16800A18FF7 /* Potential.swift in Sources */ = {isa = PBXBuildFile; fileRef = AB930FAE29BBF16800A18FF7 /* Potential.swift */; };
		AB930FC429BBF16800A18FF7 /* Potential.swift in Sources */ = {isa = PBXBuildFile; fileRef = AB930FAE29BBF16800A18FF7 /* Potential.swift */; };
		AB930FC529BBF16800A18FF7 /* Potential.swift in Sources */ = {isa = PBXBuildFile; fileRef = AB930FAE29BBF16800A18FF7 /* Potential.swift */; };
		AB930FC629BBF16800A18FF7 /* PlotClass.swift in Sources */ = {isa = PBXBuildFile; fileRef = AB930FAF29BBF16800A18FF7 /* PlotClass.swift */; };
		AB930FC729BBF16800A18FF7 /* PlotClass.swift in Sources */ = {isa = PBXBuildFile; fileRef = AB930FAF29BBF16800A18FF7 /* PlotClass.swift */; };
		AB930FC829BBF16800A18FF7 /* PlotClass.swift in Sources */ = {isa = PBXBuildFile; fileRef = AB930FAF29BBF16800A18FF7 /* PlotClass.swift */; };
		AB930FC929BBF16800A18FF7 /* CalculatePlotData.swift in Sources */ = {isa = PBXBuildFile; fileRef = AB930FB029BBF16800A18FF7 /* CalculatePlotData.swift */; };
		AB930FCA29BBF16800A18FF7 /* CalculatePlotData.swift in Sources */ = {isa = PBXBuildFile; fileRef = AB930FB029BBF16800A18FF7 /* CalculatePlotData.swift */; };
		AB930FCB29BBF16800A18FF7 /* CalculatePlotData.swift in Sources */ = {isa = PBXBuildFile; fileRef = AB930FB029BBF16800A18FF7 /* CalculatePlotData.swift */; };
		AB930FCC29BBF16800A18FF7 /* Wavefunctions.swift in Sources */ = {isa = PBXBuildFile; fileRef = AB930FB129BBF16800A18FF7 /* Wavefunctions.swift */; };
		AB930FCD29BBF16800A18FF7 /* Wavefunctions.swift in Sources */ = {isa = PBXBuildFile; fileRef = AB930FB129BBF16800A18FF7 /* Wavefunctions.swift */; };
		AB930FCE29BBF16800A18FF7 /* Wavefunctions.swift in Sources */ = {isa = PBXBuildFile; fileRef = AB930FB129BBF16800A18FF7 /* Wavefunctions.swift */; };
		AB930FCF29BBF16800A18FF7 /* DrawingView.swift in Sources */ = {isa = PBXBuildFile; fileRef = AB930FB229BBF16800A18FF7 /* DrawingView.swift */; };
		AB930FD029BBF16800A18FF7 /* DrawingView.swift in Sources */ = {isa = PBXBuildFile; fileRef = AB930FB229BBF16800A18FF7 /* DrawingView.swift */; };
		AB930FD129BBF16800A18FF7 /* DrawingView.swift in Sources */ = {isa = PBXBuildFile; fileRef = AB930FB229BBF16800A18FF7 /* DrawingView.swift */; };
		AB930FD229BBF16800A18FF7 /* PlotDataClass.swift in Sources */ = {isa = PBXBuildFile; fileRef = AB930FB329BBF16800A18FF7 /* PlotDataClass.swift */; };
		AB930FD329BBF16800A18FF7 /* PlotDataClass.swift in Sources */ = {isa = PBXBuildFile; fileRef = AB930FB329BBF16800A18FF7 /* PlotDataClass.swift */; };
		AB930FD429BBF16800A18FF7 /* PlotDataClass.swift in Sources */ = {isa = PBXBuildFile; fileRef = AB930FB329BBF16800A18FF7 /* PlotDataClass.swift */; };
		AB93101129BBF87C00A18FF7 /* Solutions.swift in Sources */ = {isa = PBXBuildFile; fileRef = AB93101029BBF87C00A18FF7 /* Solutions.swift */; };
		AB93101229BBF87C00A18FF7 /* Solutions.swift in Sources */ = {isa = PBXBuildFile; fileRef = AB93101029BBF87C00A18FF7 /* Solutions.swift */; };
		AB93101329BBF87C00A18FF7 /* Solutions.swift in Sources */ = {isa = PBXBuildFile; fileRef = AB93101029BBF87C00A18FF7 /* Solutions.swift */; };
/* End PBXBuildFile section */

/* Begin PBXContainerItemProxy section */
		AB930F8D29BBF11E00A18FF7 /* PBXContainerItemProxy */ = {
			isa = PBXContainerItemProxy;
			containerPortal = AB930F7329BBF11D00A18FF7 /* Project object */;
			proxyType = 1;
			remoteGlobalIDString = AB930F7A29BBF11D00A18FF7;
			remoteInfo = "Schrodinger DiffEq";
		};
		AB930F9729BBF11E00A18FF7 /* PBXContainerItemProxy */ = {
			isa = PBXContainerItemProxy;
			containerPortal = AB930F7329BBF11D00A18FF7 /* Project object */;
			proxyType = 1;
			remoteGlobalIDString = AB930F7A29BBF11D00A18FF7;
			remoteInfo = "Schrodinger DiffEq";
		};
/* End PBXContainerItemProxy section */

/* Begin PBXFileReference section */
		AB5758F729CE22EE000490E5 /* Solutions.swift */ = {isa = PBXFileReference; lastKnownFileType = sourcecode.swift; path = Solutions.swift; sourceTree = "<group>"; };
		AB930F7B29BBF11D00A18FF7 /* Schrodinger DiffEq.app */ = {isa = PBXFileReference; explicitFileType = wrapper.application; includeInIndex = 0; path = "Schrodinger DiffEq.app"; sourceTree = BUILT_PRODUCTS_DIR; };
		AB930F7E29BBF11D00A18FF7 /* Schrodinger_DiffEqApp.swift */ = {isa = PBXFileReference; lastKnownFileType = sourcecode.swift; path = Schrodinger_DiffEqApp.swift; sourceTree = "<group>"; };
		AB930F8029BBF11D00A18FF7 /* ContentView.swift */ = {isa = PBXFileReference; lastKnownFileType = sourcecode.swift; path = ContentView.swift; sourceTree = "<group>"; };
		AB930F8229BBF11E00A18FF7 /* Assets.xcassets */ = {isa = PBXFileReference; lastKnownFileType = folder.assetcatalog; path = Assets.xcassets; sourceTree = "<group>"; };
		AB930F8429BBF11E00A18FF7 /* Schrodinger_DiffEq.entitlements */ = {isa = PBXFileReference; lastKnownFileType = text.plist.entitlements; path = Schrodinger_DiffEq.entitlements; sourceTree = "<group>"; };
		AB930F8629BBF11E00A18FF7 /* Preview Assets.xcassets */ = {isa = PBXFileReference; lastKnownFileType = folder.assetcatalog; path = "Preview Assets.xcassets"; sourceTree = "<group>"; };
		AB930F8C29BBF11E00A18FF7 /* Schrodinger DiffEqTests.xctest */ = {isa = PBXFileReference; explicitFileType = wrapper.cfbundle; includeInIndex = 0; path = "Schrodinger DiffEqTests.xctest"; sourceTree = BUILT_PRODUCTS_DIR; };
		AB930F9029BBF11E00A18FF7 /* Schrodinger_DiffEqTests.swift */ = {isa = PBXFileReference; lastKnownFileType = sourcecode.swift; path = Schrodinger_DiffEqTests.swift; sourceTree = "<group>"; };
		AB930F9629BBF11E00A18FF7 /* Schrodinger DiffEqUITests.xctest */ = {isa = PBXFileReference; explicitFileType = wrapper.cfbundle; includeInIndex = 0; path = "Schrodinger DiffEqUITests.xctest"; sourceTree = BUILT_PRODUCTS_DIR; };
		AB930F9A29BBF11E00A18FF7 /* Schrodinger_DiffEqUITests.swift */ = {isa = PBXFileReference; lastKnownFileType = sourcecode.swift; path = Schrodinger_DiffEqUITests.swift; sourceTree = "<group>"; };
		AB930F9C29BBF11E00A18FF7 /* Schrodinger_DiffEqUITestsLaunchTests.swift */ = {isa = PBXFileReference; lastKnownFileType = sourcecode.swift; path = Schrodinger_DiffEqUITestsLaunchTests.swift; sourceTree = "<group>"; };
		AB930FA929BBF16800A18FF7 /* ChangingPlotParameters.swift */ = {isa = PBXFileReference; fileEncoding = 4; lastKnownFileType = sourcecode.swift; path = ChangingPlotParameters.swift; sourceTree = "<group>"; };
		AB930FAA29BBF16800A18FF7 /* PlotDataStruct.swift */ = {isa = PBXFileReference; fileEncoding = 4; lastKnownFileType = sourcecode.swift; path = PlotDataStruct.swift; sourceTree = "<group>"; };
		AB930FAB29BBF16800A18FF7 /* BoundingBoxParameters.swift */ = {isa = PBXFileReference; fileEncoding = 4; lastKnownFileType = sourcecode.swift; path = BoundingBoxParameters.swift; sourceTree = "<group>"; };
		AB930FAC29BBF16800A18FF7 /* HoldVariable.swift */ = {isa = PBXFileReference; fileEncoding = 4; lastKnownFileType = sourcecode.swift; path = HoldVariable.swift; sourceTree = "<group>"; };
		AB930FAD29BBF16800A18FF7 /* Functional.swift */ = {isa = PBXFileReference; fileEncoding = 4; lastKnownFileType = sourcecode.swift; path = Functional.swift; sourceTree = "<group>"; };
		AB930FAE29BBF16800A18FF7 /* Potential.swift */ = {isa = PBXFileReference; fileEncoding = 4; lastKnownFileType = sourcecode.swift; path = Potential.swift; sourceTree = "<group>"; };
		AB930FAF29BBF16800A18FF7 /* PlotClass.swift */ = {isa = PBXFileReference; fileEncoding = 4; lastKnownFileType = sourcecode.swift; path = PlotClass.swift; sourceTree = "<group>"; };
		AB930FB029BBF16800A18FF7 /* CalculatePlotData.swift */ = {isa = PBXFileReference; fileEncoding = 4; lastKnownFileType = sourcecode.swift; path = CalculatePlotData.swift; sourceTree = "<group>"; };
		AB930FB129BBF16800A18FF7 /* Wavefunctions.swift */ = {isa = PBXFileReference; fileEncoding = 4; lastKnownFileType = sourcecode.swift; path = Wavefunctions.swift; sourceTree = "<group>"; };
		AB930FB229BBF16800A18FF7 /* DrawingView.swift */ = {isa = PBXFileReference; fileEncoding = 4; lastKnownFileType = sourcecode.swift; path = DrawingView.swift; sourceTree = "<group>"; };
		AB930FB329BBF16800A18FF7 /* PlotDataClass.swift */ = {isa = PBXFileReference; fileEncoding = 4; lastKnownFileType = sourcecode.swift; path = PlotDataClass.swift; sourceTree = "<group>"; };
		AB93101029BBF87C00A18FF7 /* Solutions.swift */ = {isa = PBXFileReference; lastKnownFileType = sourcecode.swift; path = Solutions.swift; sourceTree = "<group>"; };
/* End PBXFileReference section */

/* Begin PBXFrameworksBuildPhase section */
		AB930F7829BBF11D00A18FF7 /* Frameworks */ = {
			isa = PBXFrameworksBuildPhase;
			buildActionMask = 2147483647;
			files = (
			);
			runOnlyForDeploymentPostprocessing = 0;
		};
		AB930F8929BBF11E00A18FF7 /* Frameworks */ = {
			isa = PBXFrameworksBuildPhase;
			buildActionMask = 2147483647;
			files = (
			);
			runOnlyForDeploymentPostprocessing = 0;
		};
		AB930F9329BBF11E00A18FF7 /* Frameworks */ = {
			isa = PBXFrameworksBuildPhase;
			buildActionMask = 2147483647;
			files = (
			);
			runOnlyForDeploymentPostprocessing = 0;
		};
/* End PBXFrameworksBuildPhase section */

/* Begin PBXGroup section */
		AB930F7229BBF11D00A18FF7 = {
			isa = PBXGroup;
			children = (
				AB5758F729CE22EE000490E5 /* Solutions.swift */,
				AB930F7D29BBF11D00A18FF7 /* Schrodinger DiffEq */,
				AB930F8F29BBF11E00A18FF7 /* Schrodinger DiffEqTests */,
				AB930F9929BBF11E00A18FF7 /* Schrodinger DiffEqUITests */,
				AB930F7C29BBF11D00A18FF7 /* Products */,
			);
			sourceTree = "<group>";
		};
		AB930F7C29BBF11D00A18FF7 /* Products */ = {
			isa = PBXGroup;
			children = (
				AB930F7B29BBF11D00A18FF7 /* Schrodinger DiffEq.app */,
				AB930F8C29BBF11E00A18FF7 /* Schrodinger DiffEqTests.xctest */,
				AB930F9629BBF11E00A18FF7 /* Schrodinger DiffEqUITests.xctest */,
			);
			name = Products;
			sourceTree = "<group>";
		};
		AB930F7D29BBF11D00A18FF7 /* Schrodinger DiffEq */ = {
			isa = PBXGroup;
			children = (
				AB930FAB29BBF16800A18FF7 /* BoundingBoxParameters.swift */,
				AB930FB029BBF16800A18FF7 /* CalculatePlotData.swift */,
				AB930FA929BBF16800A18FF7 /* ChangingPlotParameters.swift */,
				AB930FB229BBF16800A18FF7 /* DrawingView.swift */,
				AB930FAD29BBF16800A18FF7 /* Functional.swift */,
				AB930FAC29BBF16800A18FF7 /* HoldVariable.swift */,
				AB930FAF29BBF16800A18FF7 /* PlotClass.swift */,
				AB930FB329BBF16800A18FF7 /* PlotDataClass.swift */,
				AB930FAA29BBF16800A18FF7 /* PlotDataStruct.swift */,
				AB930FAE29BBF16800A18FF7 /* Potential.swift */,
				AB930FB129BBF16800A18FF7 /* Wavefunctions.swift */,
				AB930F7E29BBF11D00A18FF7 /* Schrodinger_DiffEqApp.swift */,
				AB930F8029BBF11D00A18FF7 /* ContentView.swift */,
				AB93101029BBF87C00A18FF7 /* Solutions.swift */,
				AB930F8229BBF11E00A18FF7 /* Assets.xcassets */,
				AB930F8429BBF11E00A18FF7 /* Schrodinger_DiffEq.entitlements */,
				AB930F8529BBF11E00A18FF7 /* Preview Content */,
			);
			path = "Schrodinger DiffEq";
			sourceTree = "<group>";
		};
		AB930F8529BBF11E00A18FF7 /* Preview Content */ = {
			isa = PBXGroup;
			children = (
				AB930F8629BBF11E00A18FF7 /* Preview Assets.xcassets */,
			);
			path = "Preview Content";
			sourceTree = "<group>";
		};
		AB930F8F29BBF11E00A18FF7 /* Schrodinger DiffEqTests */ = {
			isa = PBXGroup;
			children = (
				AB930F9029BBF11E00A18FF7 /* Schrodinger_DiffEqTests.swift */,
			);
			path = "Schrodinger DiffEqTests";
			sourceTree = "<group>";
		};
		AB930F9929BBF11E00A18FF7 /* Schrodinger DiffEqUITests */ = {
			isa = PBXGroup;
			children = (
				AB930F9A29BBF11E00A18FF7 /* Schrodinger_DiffEqUITests.swift */,
				AB930F9C29BBF11E00A18FF7 /* Schrodinger_DiffEqUITestsLaunchTests.swift */,
			);
			path = "Schrodinger DiffEqUITests";
			sourceTree = "<group>";
		};
/* End PBXGroup section */

/* Begin PBXNativeTarget section */
		AB930F7A29BBF11D00A18FF7 /* Schrodinger DiffEq */ = {
			isa = PBXNativeTarget;
			buildConfigurationList = AB930FA029BBF11E00A18FF7 /* Build configuration list for PBXNativeTarget "Schrodinger DiffEq" */;
			buildPhases = (
				AB930F7729BBF11D00A18FF7 /* Sources */,
				AB930F7829BBF11D00A18FF7 /* Frameworks */,
				AB930F7929BBF11D00A18FF7 /* Resources */,
			);
			buildRules = (
			);
			dependencies = (
			);
			name = "Schrodinger DiffEq";
			productName = "Schrodinger DiffEq";
			productReference = AB930F7B29BBF11D00A18FF7 /* Schrodinger DiffEq.app */;
			productType = "com.apple.product-type.application";
		};
		AB930F8B29BBF11E00A18FF7 /* Schrodinger DiffEqTests */ = {
			isa = PBXNativeTarget;
			buildConfigurationList = AB930FA329BBF11E00A18FF7 /* Build configuration list for PBXNativeTarget "Schrodinger DiffEqTests" */;
			buildPhases = (
				AB930F8829BBF11E00A18FF7 /* Sources */,
				AB930F8929BBF11E00A18FF7 /* Frameworks */,
				AB930F8A29BBF11E00A18FF7 /* Resources */,
			);
			buildRules = (
			);
			dependencies = (
				AB930F8E29BBF11E00A18FF7 /* PBXTargetDependency */,
			);
			name = "Schrodinger DiffEqTests";
			productName = "Schrodinger DiffEqTests";
			productReference = AB930F8C29BBF11E00A18FF7 /* Schrodinger DiffEqTests.xctest */;
			productType = "com.apple.product-type.bundle.unit-test";
		};
		AB930F9529BBF11E00A18FF7 /* Schrodinger DiffEqUITests */ = {
			isa = PBXNativeTarget;
			buildConfigurationList = AB930FA629BBF11E00A18FF7 /* Build configuration list for PBXNativeTarget "Schrodinger DiffEqUITests" */;
			buildPhases = (
				AB930F9229BBF11E00A18FF7 /* Sources */,
				AB930F9329BBF11E00A18FF7 /* Frameworks */,
				AB930F9429BBF11E00A18FF7 /* Resources */,
			);
			buildRules = (
			);
			dependencies = (
				AB930F9829BBF11E00A18FF7 /* PBXTargetDependency */,
			);
			name = "Schrodinger DiffEqUITests";
			productName = "Schrodinger DiffEqUITests";
			productReference = AB930F9629BBF11E00A18FF7 /* Schrodinger DiffEqUITests.xctest */;
			productType = "com.apple.product-type.bundle.ui-testing";
		};
/* End PBXNativeTarget section */

/* Begin PBXProject section */
		AB930F7329BBF11D00A18FF7 /* Project object */ = {
			isa = PBXProject;
			attributes = {
				BuildIndependentTargetsInParallel = 1;
				LastSwiftUpdateCheck = 1420;
				LastUpgradeCheck = 1420;
				TargetAttributes = {
					AB930F7A29BBF11D00A18FF7 = {
						CreatedOnToolsVersion = 14.2;
					};
					AB930F8B29BBF11E00A18FF7 = {
						CreatedOnToolsVersion = 14.2;
						TestTargetID = AB930F7A29BBF11D00A18FF7;
					};
					AB930F9529BBF11E00A18FF7 = {
						CreatedOnToolsVersion = 14.2;
						TestTargetID = AB930F7A29BBF11D00A18FF7;
					};
				};
			};
			buildConfigurationList = AB930F7629BBF11D00A18FF7 /* Build configuration list for PBXProject "Schrodinger DiffEq" */;
			compatibilityVersion = "Xcode 14.0";
			developmentRegion = en;
			hasScannedForEncodings = 0;
			knownRegions = (
				en,
				Base,
			);
			mainGroup = AB930F7229BBF11D00A18FF7;
			productRefGroup = AB930F7C29BBF11D00A18FF7 /* Products */;
			projectDirPath = "";
			projectRoot = "";
			targets = (
				AB930F7A29BBF11D00A18FF7 /* Schrodinger DiffEq */,
				AB930F8B29BBF11E00A18FF7 /* Schrodinger DiffEqTests */,
				AB930F9529BBF11E00A18FF7 /* Schrodinger DiffEqUITests */,
			);
		};
/* End PBXProject section */

/* Begin PBXResourcesBuildPhase section */
		AB930F7929BBF11D00A18FF7 /* Resources */ = {
			isa = PBXResourcesBuildPhase;
			buildActionMask = 2147483647;
			files = (
				AB930F8729BBF11E00A18FF7 /* Preview Assets.xcassets in Resources */,
				AB930F8329BBF11E00A18FF7 /* Assets.xcassets in Resources */,
			);
			runOnlyForDeploymentPostprocessing = 0;
		};
		AB930F8A29BBF11E00A18FF7 /* Resources */ = {
			isa = PBXResourcesBuildPhase;
			buildActionMask = 2147483647;
			files = (
			);
			runOnlyForDeploymentPostprocessing = 0;
		};
		AB930F9429BBF11E00A18FF7 /* Resources */ = {
			isa = PBXResourcesBuildPhase;
			buildActionMask = 2147483647;
			files = (
			);
			runOnlyForDeploymentPostprocessing = 0;
		};
/* End PBXResourcesBuildPhase section */

/* Begin PBXSourcesBuildPhase section */
		AB930F7729BBF11D00A18FF7 /* Sources */ = {
			isa = PBXSourcesBuildPhase;
			buildActionMask = 2147483647;
			files = (
				AB930FBD29BBF16800A18FF7 /* HoldVariable.swift in Sources */,
				AB930FCC29BBF16800A18FF7 /* Wavefunctions.swift in Sources */,
				AB930FC029BBF16800A18FF7 /* Functional.swift in Sources */,
				AB930FD229BBF16800A18FF7 /* PlotDataClass.swift in Sources */,
				AB930FCF29BBF16800A18FF7 /* DrawingView.swift in Sources */,
				AB930FC329BBF16800A18FF7 /* Potential.swift in Sources */,
				AB930FC929BBF16800A18FF7 /* CalculatePlotData.swift in Sources */,
				AB930F8129BBF11D00A18FF7 /* ContentView.swift in Sources */,
				AB930FB729BBF16800A18FF7 /* PlotDataStruct.swift in Sources */,
				AB930F7F29BBF11D00A18FF7 /* Schrodinger_DiffEqApp.swift in Sources */,
				AB93101129BBF87C00A18FF7 /* Solutions.swift in Sources */,
				AB930FB429BBF16800A18FF7 /* ChangingPlotParameters.swift in Sources */,
				AB930FBA29BBF16800A18FF7 /* BoundingBoxParameters.swift in Sources */,
				AB930FC629BBF16800A18FF7 /* PlotClass.swift in Sources */,
				AB5758F829CE22EE000490E5 /* Solutions.swift in Sources */,
			);
			runOnlyForDeploymentPostprocessing = 0;
		};
		AB930F8829BBF11E00A18FF7 /* Sources */ = {
			isa = PBXSourcesBuildPhase;
			buildActionMask = 2147483647;
			files = (
				AB930FCD29BBF16800A18FF7 /* Wavefunctions.swift in Sources */,
				AB930FD329BBF16800A18FF7 /* PlotDataClass.swift in Sources */,
				AB930FC129BBF16800A18FF7 /* Functional.swift in Sources */,
				AB930FCA29BBF16800A18FF7 /* CalculatePlotData.swift in Sources */,
				AB930FC429BBF16800A18FF7 /* Potential.swift in Sources */,
				AB930FB829BBF16800A18FF7 /* PlotDataStruct.swift in Sources */,
				AB930FBB29BBF16800A18FF7 /* BoundingBoxParameters.swift in Sources */,
				AB930FBE29BBF16800A18FF7 /* HoldVariable.swift in Sources */,
				AB930F9129BBF11E00A18FF7 /* Schrodinger_DiffEqTests.swift in Sources */,
				AB93101229BBF87C00A18FF7 /* Solutions.swift in Sources */,
				AB5758F929CE22EE000490E5 /* Solutions.swift in Sources */,
				AB930FB529BBF16800A18FF7 /* ChangingPlotParameters.swift in Sources */,
				AB930FD029BBF16800A18FF7 /* DrawingView.swift in Sources */,
				AB930FC729BBF16800A18FF7 /* PlotClass.swift in Sources */,
			);
			runOnlyForDeploymentPostprocessing = 0;
		};
		AB930F9229BBF11E00A18FF7 /* Sources */ = {
			isa = PBXSourcesBuildPhase;
			buildActionMask = 2147483647;
			files = (
				AB930FBF29BBF16800A18FF7 /* HoldVariable.swift in Sources */,
				AB930FCE29BBF16800A18FF7 /* Wavefunctions.swift in Sources */,
				AB930FC229BBF16800A18FF7 /* Functional.swift in Sources */,
				AB930FD429BBF16800A18FF7 /* PlotDataClass.swift in Sources */,
				AB930FD129BBF16800A18FF7 /* DrawingView.swift in Sources */,
				AB930FC529BBF16800A18FF7 /* Potential.swift in Sources */,
				AB930FCB29BBF16800A18FF7 /* CalculatePlotData.swift in Sources */,
				AB930F9D29BBF11E00A18FF7 /* Schrodinger_DiffEqUITestsLaunchTests.swift in Sources */,
				AB930FB929BBF16800A18FF7 /* PlotDataStruct.swift in Sources */,
				AB930F9B29BBF11E00A18FF7 /* Schrodinger_DiffEqUITests.swift in Sources */,
				AB93101329BBF87C00A18FF7 /* Solutions.swift in Sources */,
				AB930FB629BBF16800A18FF7 /* ChangingPlotParameters.swift in Sources */,
				AB930FBC29BBF16800A18FF7 /* BoundingBoxParameters.swift in Sources */,
				AB930FC829BBF16800A18FF7 /* PlotClass.swift in Sources */,
				AB5758FA29CE22EE000490E5 /* Solutions.swift in Sources */,
			);
			runOnlyForDeploymentPostprocessing = 0;
		};
/* End PBXSourcesBuildPhase section */

/* Begin PBXTargetDependency section */
		AB930F8E29BBF11E00A18FF7 /* PBXTargetDependency */ = {
			isa = PBXTargetDependency;
			target = AB930F7A29BBF11D00A18FF7 /* Schrodinger DiffEq */;
			targetProxy = AB930F8D29BBF11E00A18FF7 /* PBXContainerItemProxy */;
		};
		AB930F9829BBF11E00A18FF7 /* PBXTargetDependency */ = {
			isa = PBXTargetDependency;
			target = AB930F7A29BBF11D00A18FF7 /* Schrodinger DiffEq */;
			targetProxy = AB930F9729BBF11E00A18FF7 /* PBXContainerItemProxy */;
		};
/* End PBXTargetDependency section */

/* Begin XCBuildConfiguration section */
		AB930F9E29BBF11E00A18FF7 /* Debug */ = {
			isa = XCBuildConfiguration;
			buildSettings = {
				ALWAYS_SEARCH_USER_PATHS = NO;
				CLANG_ANALYZER_NONNULL = YES;
				CLANG_ANALYZER_NUMBER_OBJECT_CONVERSION = YES_AGGRESSIVE;
				CLANG_CXX_LANGUAGE_STANDARD = "gnu++20";
				CLANG_ENABLE_MODULES = YES;
				CLANG_ENABLE_OBJC_ARC = YES;
				CLANG_ENABLE_OBJC_WEAK = YES;
				CLANG_WARN_BLOCK_CAPTURE_AUTORELEASING = YES;
				CLANG_WARN_BOOL_CONVERSION = YES;
				CLANG_WARN_COMMA = YES;
				CLANG_WARN_CONSTANT_CONVERSION = YES;
				CLANG_WARN_DEPRECATED_OBJC_IMPLEMENTATIONS = YES;
				CLANG_WARN_DIRECT_OBJC_ISA_USAGE = YES_ERROR;
				CLANG_WARN_DOCUMENTATION_COMMENTS = YES;
				CLANG_WARN_EMPTY_BODY = YES;
				CLANG_WARN_ENUM_CONVERSION = YES;
				CLANG_WARN_INFINITE_RECURSION = YES;
				CLANG_WARN_INT_CONVERSION = YES;
				CLANG_WARN_NON_LITERAL_NULL_CONVERSION = YES;
				CLANG_WARN_OBJC_IMPLICIT_RETAIN_SELF = YES;
				CLANG_WARN_OBJC_LITERAL_CONVERSION = YES;
				CLANG_WARN_OBJC_ROOT_CLASS = YES_ERROR;
				CLANG_WARN_QUOTED_INCLUDE_IN_FRAMEWORK_HEADER = YES;
				CLANG_WARN_RANGE_LOOP_ANALYSIS = YES;
				CLANG_WARN_STRICT_PROTOTYPES = YES;
				CLANG_WARN_SUSPICIOUS_MOVE = YES;
				CLANG_WARN_UNGUARDED_AVAILABILITY = YES_AGGRESSIVE;
				CLANG_WARN_UNREACHABLE_CODE = YES;
				CLANG_WARN__DUPLICATE_METHOD_MATCH = YES;
				COPY_PHASE_STRIP = NO;
				DEBUG_INFORMATION_FORMAT = dwarf;
				ENABLE_STRICT_OBJC_MSGSEND = YES;
				ENABLE_TESTABILITY = YES;
				GCC_C_LANGUAGE_STANDARD = gnu11;
				GCC_DYNAMIC_NO_PIC = NO;
				GCC_NO_COMMON_BLOCKS = YES;
				GCC_OPTIMIZATION_LEVEL = 0;
				GCC_PREPROCESSOR_DEFINITIONS = (
					"DEBUG=1",
					"$(inherited)",
				);
				GCC_WARN_64_TO_32_BIT_CONVERSION = YES;
				GCC_WARN_ABOUT_RETURN_TYPE = YES_ERROR;
				GCC_WARN_UNDECLARED_SELECTOR = YES;
				GCC_WARN_UNINITIALIZED_AUTOS = YES_AGGRESSIVE;
				GCC_WARN_UNUSED_FUNCTION = YES;
				GCC_WARN_UNUSED_VARIABLE = YES;
				MTL_ENABLE_DEBUG_INFO = INCLUDE_SOURCE;
				MTL_FAST_MATH = YES;
				ONLY_ACTIVE_ARCH = YES;
				SWIFT_ACTIVE_COMPILATION_CONDITIONS = DEBUG;
				SWIFT_OPTIMIZATION_LEVEL = "-Onone";
			};
			name = Debug;
		};
		AB930F9F29BBF11E00A18FF7 /* Release */ = {
			isa = XCBuildConfiguration;
			buildSettings = {
				ALWAYS_SEARCH_USER_PATHS = NO;
				CLANG_ANALYZER_NONNULL = YES;
				CLANG_ANALYZER_NUMBER_OBJECT_CONVERSION = YES_AGGRESSIVE;
				CLANG_CXX_LANGUAGE_STANDARD = "gnu++20";
				CLANG_ENABLE_MODULES = YES;
				CLANG_ENABLE_OBJC_ARC = YES;
				CLANG_ENABLE_OBJC_WEAK = YES;
				CLANG_WARN_BLOCK_CAPTURE_AUTORELEASING = YES;
				CLANG_WARN_BOOL_CONVERSION = YES;
				CLANG_WARN_COMMA = YES;
				CLANG_WARN_CONSTANT_CONVERSION = YES;
				CLANG_WARN_DEPRECATED_OBJC_IMPLEMENTATIONS = YES;
				CLANG_WARN_DIRECT_OBJC_ISA_USAGE = YES_ERROR;
				CLANG_WARN_DOCUMENTATION_COMMENTS = YES;
				CLANG_WARN_EMPTY_BODY = YES;
				CLANG_WARN_ENUM_CONVERSION = YES;
				CLANG_WARN_INFINITE_RECURSION = YES;
				CLANG_WARN_INT_CONVERSION = YES;
				CLANG_WARN_NON_LITERAL_NULL_CONVERSION = YES;
				CLANG_WARN_OBJC_IMPLICIT_RETAIN_SELF = YES;
				CLANG_WARN_OBJC_LITERAL_CONVERSION = YES;
				CLANG_WARN_OBJC_ROOT_CLASS = YES_ERROR;
				CLANG_WARN_QUOTED_INCLUDE_IN_FRAMEWORK_HEADER = YES;
				CLANG_WARN_RANGE_LOOP_ANALYSIS = YES;
				CLANG_WARN_STRICT_PROTOTYPES = YES;
				CLANG_WARN_SUSPICIOUS_MOVE = YES;
				CLANG_WARN_UNGUARDED_AVAILABILITY = YES_AGGRESSIVE;
				CLANG_WARN_UNREACHABLE_CODE = YES;
				CLANG_WARN__DUPLICATE_METHOD_MATCH = YES;
				COPY_PHASE_STRIP = NO;
				DEBUG_INFORMATION_FORMAT = "dwarf-with-dsym";
				ENABLE_NS_ASSERTIONS = NO;
				ENABLE_STRICT_OBJC_MSGSEND = YES;
				GCC_C_LANGUAGE_STANDARD = gnu11;
				GCC_NO_COMMON_BLOCKS = YES;
				GCC_WARN_64_TO_32_BIT_CONVERSION = YES;
				GCC_WARN_ABOUT_RETURN_TYPE = YES_ERROR;
				GCC_WARN_UNDECLARED_SELECTOR = YES;
				GCC_WARN_UNINITIALIZED_AUTOS = YES_AGGRESSIVE;
				GCC_WARN_UNUSED_FUNCTION = YES;
				GCC_WARN_UNUSED_VARIABLE = YES;
				MTL_ENABLE_DEBUG_INFO = NO;
				MTL_FAST_MATH = YES;
				SWIFT_COMPILATION_MODE = wholemodule;
				SWIFT_OPTIMIZATION_LEVEL = "-O";
			};
			name = Release;
		};
		AB930FA129BBF11E00A18FF7 /* Debug */ = {
			isa = XCBuildConfiguration;
			buildSettings = {
				ASSETCATALOG_COMPILER_APPICON_NAME = AppIcon;
				ASSETCATALOG_COMPILER_GLOBAL_ACCENT_COLOR_NAME = AccentColor;
				CODE_SIGN_ENTITLEMENTS = "Schrodinger DiffEq/Schrodinger_DiffEq.entitlements";
				CODE_SIGN_STYLE = Automatic;
				CURRENT_PROJECT_VERSION = 1;
				DEVELOPMENT_ASSET_PATHS = "\"Schrodinger DiffEq/Preview Content\"";
				ENABLE_PREVIEWS = YES;
				GENERATE_INFOPLIST_FILE = YES;
				"INFOPLIST_KEY_UIApplicationSceneManifest_Generation[sdk=iphoneos*]" = YES;
				"INFOPLIST_KEY_UIApplicationSceneManifest_Generation[sdk=iphonesimulator*]" = YES;
				"INFOPLIST_KEY_UIApplicationSupportsIndirectInputEvents[sdk=iphoneos*]" = YES;
				"INFOPLIST_KEY_UIApplicationSupportsIndirectInputEvents[sdk=iphonesimulator*]" = YES;
				"INFOPLIST_KEY_UILaunchScreen_Generation[sdk=iphoneos*]" = YES;
				"INFOPLIST_KEY_UILaunchScreen_Generation[sdk=iphonesimulator*]" = YES;
				"INFOPLIST_KEY_UIStatusBarStyle[sdk=iphoneos*]" = UIStatusBarStyleDefault;
				"INFOPLIST_KEY_UIStatusBarStyle[sdk=iphonesimulator*]" = UIStatusBarStyleDefault;
				INFOPLIST_KEY_UISupportedInterfaceOrientations_iPad = "UIInterfaceOrientationPortrait UIInterfaceOrientationPortraitUpsideDown UIInterfaceOrientationLandscapeLeft UIInterfaceOrientationLandscapeRight";
				INFOPLIST_KEY_UISupportedInterfaceOrientations_iPhone = "UIInterfaceOrientationPortrait UIInterfaceOrientationLandscapeLeft UIInterfaceOrientationLandscapeRight";
				IPHONEOS_DEPLOYMENT_TARGET = 16.2;
				LD_RUNPATH_SEARCH_PATHS = "@executable_path/Frameworks";
				"LD_RUNPATH_SEARCH_PATHS[sdk=macosx*]" = "@executable_path/../Frameworks";
				MACOSX_DEPLOYMENT_TARGET = 13.1;
				MARKETING_VERSION = 1.0;
				PRODUCT_BUNDLE_IDENTIFIER = "com.db.Schrodinger-DiffEq";
				PRODUCT_NAME = "$(TARGET_NAME)";
				SDKROOT = auto;
				SUPPORTED_PLATFORMS = "iphoneos iphonesimulator macosx";
				SWIFT_EMIT_LOC_STRINGS = YES;
				SWIFT_VERSION = 5.0;
				TARGETED_DEVICE_FAMILY = "1,2";
			};
			name = Debug;
		};
		AB930FA229BBF11E00A18FF7 /* Release */ = {
			isa = XCBuildConfiguration;
			buildSettings = {
				ASSETCATALOG_COMPILER_APPICON_NAME = AppIcon;
				ASSETCATALOG_COMPILER_GLOBAL_ACCENT_COLOR_NAME = AccentColor;
				CODE_SIGN_ENTITLEMENTS = "Schrodinger DiffEq/Schrodinger_DiffEq.entitlements";
				CODE_SIGN_STYLE = Automatic;
				CURRENT_PROJECT_VERSION = 1;
				DEVELOPMENT_ASSET_PATHS = "\"Schrodinger DiffEq/Preview Content\"";
				ENABLE_PREVIEWS = YES;
				GENERATE_INFOPLIST_FILE = YES;
				"INFOPLIST_KEY_UIApplicationSceneManifest_Generation[sdk=iphoneos*]" = YES;
				"INFOPLIST_KEY_UIApplicationSceneManifest_Generation[sdk=iphonesimulator*]" = YES;
				"INFOPLIST_KEY_UIApplicationSupportsIndirectInputEvents[sdk=iphoneos*]" = YES;
				"INFOPLIST_KEY_UIApplicationSupportsIndirectInputEvents[sdk=iphonesimulator*]" = YES;
				"INFOPLIST_KEY_UILaunchScreen_Generation[sdk=iphoneos*]" = YES;
				"INFOPLIST_KEY_UILaunchScreen_Generation[sdk=iphonesimulator*]" = YES;
				"INFOPLIST_KEY_UIStatusBarStyle[sdk=iphoneos*]" = UIStatusBarStyleDefault;
				"INFOPLIST_KEY_UIStatusBarStyle[sdk=iphonesimulator*]" = UIStatusBarStyleDefault;
				INFOPLIST_KEY_UISupportedInterfaceOrientations_iPad = "UIInterfaceOrientationPortrait UIInterfaceOrientationPortraitUpsideDown UIInterfaceOrientationLandscapeLeft UIInterfaceOrientationLandscapeRight";
				INFOPLIST_KEY_UISupportedInterfaceOrientations_iPhone = "UIInterfaceOrientationPortrait UIInterfaceOrientationLandscapeLeft UIInterfaceOrientationLandscapeRight";
				IPHONEOS_DEPLOYMENT_TARGET = 16.2;
				LD_RUNPATH_SEARCH_PATHS = "@executable_path/Frameworks";
				"LD_RUNPATH_SEARCH_PATHS[sdk=macosx*]" = "@executable_path/../Frameworks";
				MACOSX_DEPLOYMENT_TARGET = 13.1;
				MARKETING_VERSION = 1.0;
				PRODUCT_BUNDLE_IDENTIFIER = "com.db.Schrodinger-DiffEq";
				PRODUCT_NAME = "$(TARGET_NAME)";
				SDKROOT = auto;
				SUPPORTED_PLATFORMS = "iphoneos iphonesimulator macosx";
				SWIFT_EMIT_LOC_STRINGS = YES;
				SWIFT_VERSION = 5.0;
				TARGETED_DEVICE_FAMILY = "1,2";
			};
			name = Release;
		};
		AB930FA429BBF11E00A18FF7 /* Debug */ = {
			isa = XCBuildConfiguration;
			buildSettings = {
				ALWAYS_EMBED_SWIFT_STANDARD_LIBRARIES = YES;
				BUNDLE_LOADER = "$(TEST_HOST)";
				CODE_SIGN_STYLE = Automatic;
				CURRENT_PROJECT_VERSION = 1;
				GENERATE_INFOPLIST_FILE = YES;
				IPHONEOS_DEPLOYMENT_TARGET = 16.2;
				MACOSX_DEPLOYMENT_TARGET = 13.1;
				MARKETING_VERSION = 1.0;
				PRODUCT_BUNDLE_IDENTIFIER = "com.db.Schrodinger-DiffEqTests";
				PRODUCT_NAME = "$(TARGET_NAME)";
				SDKROOT = auto;
				SUPPORTED_PLATFORMS = "iphoneos iphonesimulator macosx";
				SWIFT_EMIT_LOC_STRINGS = NO;
				SWIFT_VERSION = 5.0;
				TARGETED_DEVICE_FAMILY = "1,2";
				TEST_HOST = "$(BUILT_PRODUCTS_DIR)/Schrodinger DiffEq.app/$(BUNDLE_EXECUTABLE_FOLDER_PATH)/Schrodinger DiffEq";
			};
			name = Debug;
		};
		AB930FA529BBF11E00A18FF7 /* Release */ = {
			isa = XCBuildConfiguration;
			buildSettings = {
				ALWAYS_EMBED_SWIFT_STANDARD_LIBRARIES = YES;
				BUNDLE_LOADER = "$(TEST_HOST)";
				CODE_SIGN_STYLE = Automatic;
				CURRENT_PROJECT_VERSION = 1;
				GENERATE_INFOPLIST_FILE = YES;
				IPHONEOS_DEPLOYMENT_TARGET = 16.2;
				MACOSX_DEPLOYMENT_TARGET = 13.1;
				MARKETING_VERSION = 1.0;
				PRODUCT_BUNDLE_IDENTIFIER = "com.db.Schrodinger-DiffEqTests";
				PRODUCT_NAME = "$(TARGET_NAME)";
				SDKROOT = auto;
				SUPPORTED_PLATFORMS = "iphoneos iphonesimulator macosx";
				SWIFT_EMIT_LOC_STRINGS = NO;
				SWIFT_VERSION = 5.0;
				TARGETED_DEVICE_FAMILY = "1,2";
				TEST_HOST = "$(BUILT_PRODUCTS_DIR)/Schrodinger DiffEq.app/$(BUNDLE_EXECUTABLE_FOLDER_PATH)/Schrodinger DiffEq";
			};
			name = Release;
		};
		AB930FA729BBF11E00A18FF7 /* Debug */ = {
			isa = XCBuildConfiguration;
			buildSettings = {
				ALWAYS_EMBED_SWIFT_STANDARD_LIBRARIES = YES;
				CODE_SIGN_STYLE = Automatic;
				CURRENT_PROJECT_VERSION = 1;
				GENERATE_INFOPLIST_FILE = YES;
				IPHONEOS_DEPLOYMENT_TARGET = 16.2;
				MACOSX_DEPLOYMENT_TARGET = 13.1;
				MARKETING_VERSION = 1.0;
				PRODUCT_BUNDLE_IDENTIFIER = "com.db.Schrodinger-DiffEqUITests";
				PRODUCT_NAME = "$(TARGET_NAME)";
				SDKROOT = auto;
				SUPPORTED_PLATFORMS = "iphoneos iphonesimulator macosx";
				SWIFT_EMIT_LOC_STRINGS = NO;
				SWIFT_VERSION = 5.0;
				TARGETED_DEVICE_FAMILY = "1,2";
				TEST_TARGET_NAME = "Schrodinger DiffEq";
			};
			name = Debug;
		};
		AB930FA829BBF11E00A18FF7 /* Release */ = {
			isa = XCBuildConfiguration;
			buildSettings = {
				ALWAYS_EMBED_SWIFT_STANDARD_LIBRARIES = YES;
				CODE_SIGN_STYLE = Automatic;
				CURRENT_PROJECT_VERSION = 1;
				GENERATE_INFOPLIST_FILE = YES;
				IPHONEOS_DEPLOYMENT_TARGET = 16.2;
				MACOSX_DEPLOYMENT_TARGET = 13.1;
				MARKETING_VERSION = 1.0;
				PRODUCT_BUNDLE_IDENTIFIER = "com.db.Schrodinger-DiffEqUITests";
				PRODUCT_NAME = "$(TARGET_NAME)";
				SDKROOT = auto;
				SUPPORTED_PLATFORMS = "iphoneos iphonesimulator macosx";
				SWIFT_EMIT_LOC_STRINGS = NO;
				SWIFT_VERSION = 5.0;
				TARGETED_DEVICE_FAMILY = "1,2";
				TEST_TARGET_NAME = "Schrodinger DiffEq";
			};
			name = Release;
		};
/* End XCBuildConfiguration section */

/* Begin XCConfigurationList section */
		AB930F7629BBF11D00A18FF7 /* Build configuration list for PBXProject "Schrodinger DiffEq" */ = {
			isa = XCConfigurationList;
			buildConfigurations = (
				AB930F9E29BBF11E00A18FF7 /* Debug */,
				AB930F9F29BBF11E00A18FF7 /* Release */,
			);
			defaultConfigurationIsVisible = 0;
			defaultConfigurationName = Release;
		};
		AB930FA029BBF11E00A18FF7 /* Build configuration list for PBXNativeTarget "Schrodinger DiffEq" */ = {
			isa = XCConfigurationList;
			buildConfigurations = (
				AB930FA129BBF11E00A18FF7 /* Debug */,
				AB930FA229BBF11E00A18FF7 /* Release */,
			);
			defaultConfigurationIsVisible = 0;
			defaultConfigurationName = Release;
		};
		AB930FA329BBF11E00A18FF7 /* Build configuration list for PBXNativeTarget "Schrodinger DiffEqTests" */ = {
			isa = XCConfigurationList;
			buildConfigurations = (
				AB930FA429BBF11E00A18FF7 /* Debug */,
				AB930FA529BBF11E00A18FF7 /* Release */,
			);
			defaultConfigurationIsVisible = 0;
			defaultConfigurationName = Release;
		};
		AB930FA629BBF11E00A18FF7 /* Build configuration list for PBXNativeTarget "Schrodinger DiffEqUITests" */ = {
			isa = XCConfigurationList;
			buildConfigurations = (
				AB930FA729BBF11E00A18FF7 /* Debug */,
				AB930FA829BBF11E00A18FF7 /* Release */,
			);
			defaultConfigurationIsVisible = 0;
			defaultConfigurationName = Release;
		};
/* End XCConfigurationList section */
	};
	rootObject = AB930F7329BBF11D00A18FF7 /* Project object */;
}
